
Microsoft Visual Studio Solution File, Format Version 12.00
# Visual Studio 15
VisualStudioVersion = 15.0.27004.2002
MinimumVisualStudioVersion = 10.0.40219.1
Project("{FAE04EC0-301F-11D3-BF4B-00C04F79EFBC}") = "BLL", "BLL\BLL.csproj", "{C608A253-77D6-4C96-9C31-114BCA621762}"
EndProject
Project("{FAE04EC0-301F-11D3-BF4B-00C04F79EFBC}") = "BLL.Interfaces", "BLL.Interfaces\BLL.Interfaces.csproj", "{18D48E14-0178-4502-9FFC-BCC888BFC1D0}"
EndProject
Project("{FAE04EC0-301F-11D3-BF4B-00C04F79EFBC}") = "DAL", "DAL\DAL.csproj", "{920B1348-980E-44F4-AD5B-4EBB1CC09F1E}"
EndProject
Project("{FAE04EC0-301F-11D3-BF4B-00C04F79EFBC}") = "DAL.Interfaces", "DAL.Interfaces\DAL.Interfaces.csproj", "{4A61AFC7-170F-4489-9D4D-D7DDF205D86D}"
EndProject
Project("{FAE04EC0-301F-11D3-BF4B-00C04F79EFBC}") = "ConsolePL.Tests", "ConsolePL.Tests\ConsolePL.Tests.csproj", "{9122E7E5-3C78-46BE-A104-A041DAB963A8}"
EndProject
Project("{FAE04EC0-301F-11D3-BF4B-00C04F79EFBC}") = "DependencyResolver", "DependencyResolver\DependencyResolver.csproj", "{29DBA6FA-E79F-4038-9164-14CD822E27C3}"
EndProject
Project("{FAE04EC0-301F-11D3-BF4B-00C04F79EFBC}") = "ORM", "ORM\ORM.csproj", "{9F146201-CE62-44F7-B92D-23E865FA5531}"
EndProject
Project("{FAE04EC0-301F-11D3-BF4B-00C04F79EFBC}") = "TicketServiceWCF", "TicketServiceWCF\TicketServiceWCF.csproj", "{6F16C494-1764-41A3-8CF2-CA4DBE6EEC99}"
EndProject
Global
	GlobalSection(SolutionConfigurationPlatforms) = preSolution
		Debug|Any CPU = Debug|Any CPU
		Release|Any CPU = Release|Any CPU
	EndGlobalSection
	GlobalSection(ProjectConfigurationPlatforms) = postSolution
		{C608A253-77D6-4C96-9C31-114BCA621762}.Debug|Any CPU.ActiveCfg = Debug|Any CPU
		{C608A253-77D6-4C96-9C31-114BCA621762}.Debug|Any CPU.Build.0 = Debug|Any CPU
		{C608A253-77D6-4C96-9C31-114BCA621762}.Release|Any CPU.ActiveCfg = Release|Any CPU
		{C608A253-77D6-4C96-9C31-114BCA621762}.Release|Any CPU.Build.0 = Release|Any CPU
		{18D48E14-0178-4502-9FFC-BCC888BFC1D0}.Debug|Any CPU.ActiveCfg = Debug|Any CPU
		{18D48E14-0178-4502-9FFC-BCC888BFC1D0}.Debug|Any CPU.Build.0 = Debug|Any CPU
		{18D48E14-0178-4502-9FFC-BCC888BFC1D0}.Release|Any CPU.ActiveCfg = Release|Any CPU
		{18D48E14-0178-4502-9FFC-BCC888BFC1D0}.Release|Any CPU.Build.0 = Release|Any CPU
		{920B1348-980E-44F4-AD5B-4EBB1CC09F1E}.Debug|Any CPU.ActiveCfg = Debug|Any CPU
		{920B1348-980E-44F4-AD5B-4EBB1CC09F1E}.Debug|Any CPU.Build.0 = Debug|Any CPU
		{920B1348-980E-44F4-AD5B-4EBB1CC09F1E}.Release|Any CPU.ActiveCfg = Release|Any CPU
		{920B1348-980E-44F4-AD5B-4EBB1CC09F1E}.Release|Any CPU.Build.0 = Release|Any CPU
		{4A61AFC7-170F-4489-9D4D-D7DDF205D86D}.Debug|Any CPU.ActiveCfg = Debug|Any CPU
		{4A61AFC7-170F-4489-9D4D-D7DDF205D86D}.Debug|Any CPU.Build.0 = Debug|Any CPU
		{4A61AFC7-170F-4489-9D4D-D7DDF205D86D}.Release|Any CPU.ActiveCfg = Release|Any CPU
		{4A61AFC7-170F-4489-9D4D-D7DDF205D86D}.Release|Any CPU.Build.0 = Release|Any CPU
		{9122E7E5-3C78-46BE-A104-A041DAB963A8}.Debug|Any CPU.ActiveCfg = Debug|Any CPU
		{9122E7E5-3C78-46BE-A104-A041DAB963A8}.Debug|Any CPU.Build.0 = Debug|Any CPU
		{9122E7E5-3C78-46BE-A104-A041DAB963A8}.Release|Any CPU.ActiveCfg = Release|Any CPU
		{9122E7E5-3C78-46BE-A104-A041DAB963A8}.Release|Any CPU.Build.0 = Release|Any CPU
		{29DBA6FA-E79F-4038-9164-14CD822E27C3}.Debug|Any CPU.ActiveCfg = Debug|Any CPU
		{29DBA6FA-E79F-4038-9164-14CD822E27C3}.Debug|Any CPU.Build.0 = Debug|Any CPU
		{29DBA6FA-E79F-4038-9164-14CD822E27C3}.Release|Any CPU.ActiveCfg = Release|Any CPU
		{29DBA6FA-E79F-4038-9164-14CD822E27C3}.Release|Any CPU.Build.0 = Release|Any CPU
		{9F146201-CE62-44F7-B92D-23E865FA5531}.Debug|Any CPU.ActiveCfg = Debug|Any CPU
		{9F146201-CE62-44F7-B92D-23E865FA5531}.Debug|Any CPU.Build.0 = Debug|Any CPU
		{9F146201-CE62-44F7-B92D-23E865FA5531}.Release|Any CPU.ActiveCfg = Release|Any CPU
		{9F146201-CE62-44F7-B92D-23E865FA5531}.Release|Any CPU.Build.0 = Release|Any CPU
		{6F16C494-1764-41A3-8CF2-CA4DBE6EEC99}.Debug|Any CPU.ActiveCfg = Debug|Any CPU
		{6F16C494-1764-41A3-8CF2-CA4DBE6EEC99}.Debug|Any CPU.Build.0 = Debug|Any CPU
		{6F16C494-1764-41A3-8CF2-CA4DBE6EEC99}.Release|Any CPU.ActiveCfg = Release|Any CPU
		{6F16C494-1764-41A3-8CF2-CA4DBE6EEC99}.Release|Any CPU.Build.0 = Release|Any CPU
	EndGlobalSection
	GlobalSection(SolutionProperties) = preSolution
		HideSolutionNode = FALSE
	EndGlobalSection
	GlobalSection(ExtensibilityGlobals) = postSolution
		SolutionGuid = {025585F6-6DF2-4751-8759-9D484C594F0A}
	EndGlobalSection
EndGlobal
